
Microsoft Visual Studio Solution File, Format Version 12.00
# Visual Studio Version 17
VisualStudioVersion = 17.4.33205.214
MinimumVisualStudioVersion = 10.0.40219.1
Project("{FAE04EC0-301F-11D3-BF4B-00C04F79EFBC}") = "CodingWiki_Web", "CodingWiki_Web\CodingWiki_Web.csproj", "{6317FA12-6E2B-4AD4-9E72-0C69D442E3F2}"
EndProject
Project("{FAE04EC0-301F-11D3-BF4B-00C04F79EFBC}") = "CodingWiki_DataAccess", "CodingWiki_DataAccess\CodingWiki_DataAccess.csproj", "{684F4A19-79B3-435E-A25B-E656317691E6}"
EndProject
Project("{FAE04EC0-301F-11D3-BF4B-00C04F79EFBC}") = "CodingWiki_Model", "CodingWiki_Model\CodingWiki_Model.csproj", "{1E6596B2-1454-49DF-B3CF-50B044DE64C8}"
EndProject
Project("{FAE04EC0-301F-11D3-BF4B-00C04F79EFBC}") = "CodingWiki_Console", "CodingWiki_Console\CodingWiki_Console.csproj", "{501133BC-E335-4A81-BCE8-EA496862E5E9}"
EndProject
Global
	GlobalSection(SolutionConfigurationPlatforms) = preSolution
		Debug|Any CPU = Debug|Any CPU
		Release|Any CPU = Release|Any CPU
	EndGlobalSection
	GlobalSection(ProjectConfigurationPlatforms) = postSolution
		{6317FA12-6E2B-4AD4-9E72-0C69D442E3F2}.Debug|Any CPU.ActiveCfg = Debug|Any CPU
		{6317FA12-6E2B-4AD4-9E72-0C69D442E3F2}.Debug|Any CPU.Build.0 = Debug|Any CPU
		{6317FA12-6E2B-4AD4-9E72-0C69D442E3F2}.Release|Any CPU.ActiveCfg = Release|Any CPU
		{6317FA12-6E2B-4AD4-9E72-0C69D442E3F2}.Release|Any CPU.Build.0 = Release|Any CPU
		{684F4A19-79B3-435E-A25B-E656317691E6}.Debug|Any CPU.ActiveCfg = Debug|Any CPU
		{684F4A19-79B3-435E-A25B-E656317691E6}.Debug|Any CPU.Build.0 = Debug|Any CPU
		{684F4A19-79B3-435E-A25B-E656317691E6}.Release|Any CPU.ActiveCfg = Release|Any CPU
		{684F4A19-79B3-435E-A25B-E656317691E6}.Release|Any CPU.Build.0 = Release|Any CPU
		{1E6596B2-1454-49DF-B3CF-50B044DE64C8}.Debug|Any CPU.ActiveCfg = Debug|Any CPU
		{1E6596B2-1454-49DF-B3CF-50B044DE64C8}.Debug|Any CPU.Build.0 = Debug|Any CPU
		{1E6596B2-1454-49DF-B3CF-50B044DE64C8}.Release|Any CPU.ActiveCfg = Release|Any CPU
		{1E6596B2-1454-49DF-B3CF-50B044DE64C8}.Release|Any CPU.Build.0 = Release|Any CPU
		{501133BC-E335-4A81-BCE8-EA496862E5E9}.Debug|Any CPU.ActiveCfg = Debug|Any CPU
		{501133BC-E335-4A81-BCE8-EA496862E5E9}.Debug|Any CPU.Build.0 = Debug|Any CPU
		{501133BC-E335-4A81-BCE8-EA496862E5E9}.Release|Any CPU.ActiveCfg = Release|Any CPU
		{501133BC-E335-4A81-BCE8-EA496862E5E9}.Release|Any CPU.Build.0 = Release|Any CPU
	EndGlobalSection
	GlobalSection(SolutionProperties) = preSolution
		HideSolutionNode = FALSE
	EndGlobalSection
	GlobalSection(ExtensibilityGlobals) = postSolution
		SolutionGuid = {E964EE03-5C9D-432F-B1CA-DBCDC346495E}
	EndGlobalSection
EndGlobal
